
Microsoft Visual Studio Solution File, Format Version 12.00
# Visual Studio 2013
VisualStudioVersion = 12.0.21005.1
MinimumVisualStudioVersion = 10.0.40219.1
Project("{FAE04EC0-301F-11D3-BF4B-00C04F79EFBC}") = "MVCAQ", "MVCAQ\MVCAQ.csproj", "{6AD5E0DB-0698-4BEF-A24D-1ED0A5A134EB}"
EndProject
Global
	GlobalSection(SolutionConfigurationPlatforms) = preSolution
		Debug|Any CPU = Debug|Any CPU
		Release|Any CPU = Release|Any CPU
	EndGlobalSection
	GlobalSection(ProjectConfigurationPlatforms) = postSolution
		{6AD5E0DB-0698-4BEF-A24D-1ED0A5A134EB}.Debug|Any CPU.ActiveCfg = Debug|Any CPU
		{6AD5E0DB-0698-4BEF-A24D-1ED0A5A134EB}.Debug|Any CPU.Build.0 = Debug|Any CPU
		{6AD5E0DB-0698-4BEF-A24D-1ED0A5A134EB}.Release|Any CPU.ActiveCfg = Release|Any CPU
		{6AD5E0DB-0698-4BEF-A24D-1ED0A5A134EB}.Release|Any CPU.Build.0 = Release|Any CPU
	EndGlobalSection
	GlobalSection(SolutionProperties) = preSolution
		HideSolutionNode = FALSE
	EndGlobalSection
EndGlobal
